
Microsoft Visual Studio Solution File, Format Version 12.00
# Visual Studio 15
VisualStudioVersion = 15.0.28010.2026
MinimumVisualStudioVersion = 10.0.40219.1
Project("{6EC3EE1D-3C4E-46DD-8F32-0CC8E7565705}") = "HelloWorld", "hello-world\HelloWorld.fsproj", "{DAE2C852-9689-4899-9614-09FD9CDCF54B}"
EndProject
Project("{6EC3EE1D-3C4E-46DD-8F32-0CC8E7565705}") = "Leap", "leap\Leap.fsproj", "{95347655-8212-4F5C-B71D-A9D5FA45EEFA}"
EndProject
Project("{6EC3EE1D-3C4E-46DD-8F32-0CC8E7565705}") = "Bob", "bob\Bob.fsproj", "{743D8D6D-A304-46A2-B90E-C639C3D6FC7F}"
EndProject
Global
	GlobalSection(SolutionConfigurationPlatforms) = preSolution
		Debug|Any CPU = Debug|Any CPU
		Release|Any CPU = Release|Any CPU
	EndGlobalSection
	GlobalSection(ProjectConfigurationPlatforms) = postSolution
		{DAE2C852-9689-4899-9614-09FD9CDCF54B}.Debug|Any CPU.ActiveCfg = Debug|Any CPU
		{DAE2C852-9689-4899-9614-09FD9CDCF54B}.Debug|Any CPU.Build.0 = Debug|Any CPU
		{DAE2C852-9689-4899-9614-09FD9CDCF54B}.Release|Any CPU.ActiveCfg = Release|Any CPU
		{DAE2C852-9689-4899-9614-09FD9CDCF54B}.Release|Any CPU.Build.0 = Release|Any CPU
		{95347655-8212-4F5C-B71D-A9D5FA45EEFA}.Debug|Any CPU.ActiveCfg = Debug|Any CPU
		{95347655-8212-4F5C-B71D-A9D5FA45EEFA}.Debug|Any CPU.Build.0 = Debug|Any CPU
		{95347655-8212-4F5C-B71D-A9D5FA45EEFA}.Release|Any CPU.ActiveCfg = Release|Any CPU
		{95347655-8212-4F5C-B71D-A9D5FA45EEFA}.Release|Any CPU.Build.0 = Release|Any CPU
		{743D8D6D-A304-46A2-B90E-C639C3D6FC7F}.Debug|Any CPU.ActiveCfg = Debug|Any CPU
		{743D8D6D-A304-46A2-B90E-C639C3D6FC7F}.Debug|Any CPU.Build.0 = Debug|Any CPU
		{743D8D6D-A304-46A2-B90E-C639C3D6FC7F}.Release|Any CPU.ActiveCfg = Release|Any CPU
		{743D8D6D-A304-46A2-B90E-C639C3D6FC7F}.Release|Any CPU.Build.0 = Release|Any CPU
	EndGlobalSection
	GlobalSection(SolutionProperties) = preSolution
		HideSolutionNode = FALSE
	EndGlobalSection
	GlobalSection(ExtensibilityGlobals) = postSolution
		SolutionGuid = {D4E498B5-48FA-496F-968F-1369B49BA41A}
	EndGlobalSection
EndGlobal
